
Microsoft Visual Studio Solution File, Format Version 12.00
# Visual Studio Version 17
VisualStudioVersion = 17.10.35027.167
MinimumVisualStudioVersion = 10.0.40219.1
Project("{2150E333-8FDC-42A3-9474-1A3956D46DE8}") = "Doc", "Doc", "{FACD62AC-8352-4B15-B89D-2C27A862D68F}"
EndProject
Project("{2150E333-8FDC-42A3-9474-1A3956D46DE8}") = "Src", "Src", "{888B98CF-5A66-4E2E-9BB6-A6F02625506A}"
EndProject
Project("{2150E333-8FDC-42A3-9474-1A3956D46DE8}") = "Test", "Test", "{89DA00A5-08EB-47AC-9E14-F42BBEE71BF7}"
EndProject
Project("{2150E333-8FDC-42A3-9474-1A3956D46DE8}") = "Core", "Core", "{B9F3B3AD-4E96-48CF-87F1-A852CE2FB27B}"
EndProject
Project("{2150E333-8FDC-42A3-9474-1A3956D46DE8}") = "Common", "Common", "{898D0322-68EB-4E08-B98C-323E49E2371B}"
EndProject
Project("{2150E333-8FDC-42A3-9474-1A3956D46DE8}") = "Infrastructure", "Infrastructure", "{B8F3923C-F356-4014-B3BB-0374E7D2469C}"
EndProject
Project("{2150E333-8FDC-42A3-9474-1A3956D46DE8}") = "Presentation", "Presentation", "{8E6975AC-7E0C-4C02-9038-CA3326597A8C}"
EndProject
Project("{FAE04EC0-301F-11D3-BF4B-00C04F79EFBC}") = "XStore.Web", "XStore.Web\XStore.Web.csproj", "{5E0BB452-3000-4F19-B5BB-EF5E2D502C1A}"
EndProject
Project("{FAE04EC0-301F-11D3-BF4B-00C04F79EFBC}") = "XStore.Infrastracture", "Infrastracture\XStore.Infrastracture.csproj", "{859C2FEB-6007-4758-BF21-6085AA43A1E6}"
EndProject
Project("{FAE04EC0-301F-11D3-BF4B-00C04F79EFBC}") = "XStore.Presistance", "Presistance\XStore.Presistance.csproj", "{48EE1C19-C6DF-4EE7-969D-EF6513E125EC}"
EndProject
Project("{FAE04EC0-301F-11D3-BF4B-00C04F79EFBC}") = "XStore.Application", "XStore.Application\XStore.Application.csproj", "{8B60FC7C-F353-40E4-B955-3DB0190B6D9B}"
EndProject
Project("{FAE04EC0-301F-11D3-BF4B-00C04F79EFBC}") = "XStore.Domain", "XStore.Domain\XStore.Domain.csproj", "{0802371C-12E3-48D1-83AF-3B2893E05383}"
EndProject
Project("{FAE04EC0-301F-11D3-BF4B-00C04F79EFBC}") = "XStore.Common", "XStore.Common\XStore.Common.csproj", "{6CF003B3-4BE9-4AC6-96F8-2A1453BC9C1A}"
EndProject
Global
	GlobalSection(SolutionConfigurationPlatforms) = preSolution
		Debug|Any CPU = Debug|Any CPU
		Release|Any CPU = Release|Any CPU
	EndGlobalSection
	GlobalSection(ProjectConfigurationPlatforms) = postSolution
		{5E0BB452-3000-4F19-B5BB-EF5E2D502C1A}.Debug|Any CPU.ActiveCfg = Debug|Any CPU
		{5E0BB452-3000-4F19-B5BB-EF5E2D502C1A}.Debug|Any CPU.Build.0 = Debug|Any CPU
		{5E0BB452-3000-4F19-B5BB-EF5E2D502C1A}.Release|Any CPU.ActiveCfg = Release|Any CPU
		{5E0BB452-3000-4F19-B5BB-EF5E2D502C1A}.Release|Any CPU.Build.0 = Release|Any CPU
		{859C2FEB-6007-4758-BF21-6085AA43A1E6}.Debug|Any CPU.ActiveCfg = Debug|Any CPU
		{859C2FEB-6007-4758-BF21-6085AA43A1E6}.Debug|Any CPU.Build.0 = Debug|Any CPU
		{859C2FEB-6007-4758-BF21-6085AA43A1E6}.Release|Any CPU.ActiveCfg = Release|Any CPU
		{859C2FEB-6007-4758-BF21-6085AA43A1E6}.Release|Any CPU.Build.0 = Release|Any CPU
		{48EE1C19-C6DF-4EE7-969D-EF6513E125EC}.Debug|Any CPU.ActiveCfg = Debug|Any CPU
		{48EE1C19-C6DF-4EE7-969D-EF6513E125EC}.Debug|Any CPU.Build.0 = Debug|Any CPU
		{48EE1C19-C6DF-4EE7-969D-EF6513E125EC}.Release|Any CPU.ActiveCfg = Release|Any CPU
		{48EE1C19-C6DF-4EE7-969D-EF6513E125EC}.Release|Any CPU.Build.0 = Release|Any CPU
		{8B60FC7C-F353-40E4-B955-3DB0190B6D9B}.Debug|Any CPU.ActiveCfg = Debug|Any CPU
		{8B60FC7C-F353-40E4-B955-3DB0190B6D9B}.Debug|Any CPU.Build.0 = Debug|Any CPU
		{8B60FC7C-F353-40E4-B955-3DB0190B6D9B}.Release|Any CPU.ActiveCfg = Release|Any CPU
		{8B60FC7C-F353-40E4-B955-3DB0190B6D9B}.Release|Any CPU.Build.0 = Release|Any CPU
		{0802371C-12E3-48D1-83AF-3B2893E05383}.Debug|Any CPU.ActiveCfg = Debug|Any CPU
		{0802371C-12E3-48D1-83AF-3B2893E05383}.Debug|Any CPU.Build.0 = Debug|Any CPU
		{0802371C-12E3-48D1-83AF-3B2893E05383}.Release|Any CPU.ActiveCfg = Release|Any CPU
		{0802371C-12E3-48D1-83AF-3B2893E05383}.Release|Any CPU.Build.0 = Release|Any CPU
		{6CF003B3-4BE9-4AC6-96F8-2A1453BC9C1A}.Debug|Any CPU.ActiveCfg = Debug|Any CPU
		{6CF003B3-4BE9-4AC6-96F8-2A1453BC9C1A}.Debug|Any CPU.Build.0 = Debug|Any CPU
		{6CF003B3-4BE9-4AC6-96F8-2A1453BC9C1A}.Release|Any CPU.ActiveCfg = Release|Any CPU
		{6CF003B3-4BE9-4AC6-96F8-2A1453BC9C1A}.Release|Any CPU.Build.0 = Release|Any CPU
	EndGlobalSection
	GlobalSection(SolutionProperties) = preSolution
		HideSolutionNode = FALSE
	EndGlobalSection
	GlobalSection(NestedProjects) = preSolution
		{B9F3B3AD-4E96-48CF-87F1-A852CE2FB27B} = {888B98CF-5A66-4E2E-9BB6-A6F02625506A}
		{898D0322-68EB-4E08-B98C-323E49E2371B} = {888B98CF-5A66-4E2E-9BB6-A6F02625506A}
		{B8F3923C-F356-4014-B3BB-0374E7D2469C} = {888B98CF-5A66-4E2E-9BB6-A6F02625506A}
		{8E6975AC-7E0C-4C02-9038-CA3326597A8C} = {888B98CF-5A66-4E2E-9BB6-A6F02625506A}
		{5E0BB452-3000-4F19-B5BB-EF5E2D502C1A} = {8E6975AC-7E0C-4C02-9038-CA3326597A8C}
		{859C2FEB-6007-4758-BF21-6085AA43A1E6} = {B8F3923C-F356-4014-B3BB-0374E7D2469C}
		{48EE1C19-C6DF-4EE7-969D-EF6513E125EC} = {B8F3923C-F356-4014-B3BB-0374E7D2469C}
		{8B60FC7C-F353-40E4-B955-3DB0190B6D9B} = {B9F3B3AD-4E96-48CF-87F1-A852CE2FB27B}
		{0802371C-12E3-48D1-83AF-3B2893E05383} = {B9F3B3AD-4E96-48CF-87F1-A852CE2FB27B}
		{6CF003B3-4BE9-4AC6-96F8-2A1453BC9C1A} = {898D0322-68EB-4E08-B98C-323E49E2371B}
	EndGlobalSection
	GlobalSection(ExtensibilityGlobals) = postSolution
		SolutionGuid = {FA14EB97-34FF-4F2E-B503-12BE87E63913}
	EndGlobalSection
EndGlobal
